
Microsoft Visual Studio Solution File, Format Version 12.00
# Visual Studio Version 17
VisualStudioVersion = 17.8.34316.72
MinimumVisualStudioVersion = 10.0.40219.1
Project("{FAE04EC0-301F-11D3-BF4B-00C04F79EFBC}") = "CineMajestic", "CineMajestic.csproj", "{8AEBACF5-9A46-41A6-AD62-FB36197CF221}"
EndProject
Global
	GlobalSection(SolutionConfigurationPlatforms) = preSolution
		Debug|Any CPU = Debug|Any CPU
		Release|Any CPU = Release|Any CPU
	EndGlobalSection
	GlobalSection(ProjectConfigurationPlatforms) = postSolution
		{8AEBACF5-9A46-41A6-AD62-FB36197CF221}.Debug|Any CPU.ActiveCfg = Debug|Any CPU
		{8AEBACF5-9A46-41A6-AD62-FB36197CF221}.Debug|Any CPU.Build.0 = Debug|Any CPU
		{8AEBACF5-9A46-41A6-AD62-FB36197CF221}.Release|Any CPU.ActiveCfg = Release|Any CPU
		{8AEBACF5-9A46-41A6-AD62-FB36197CF221}.Release|Any CPU.Build.0 = Release|Any CPU
	EndGlobalSection
	GlobalSection(SolutionProperties) = preSolution
		HideSolutionNode = FALSE
	EndGlobalSection
	GlobalSection(ExtensibilityGlobals) = postSolution
		SolutionGuid = {0994FACF-B202-47CB-8118-F24DB97008B7}
	EndGlobalSection
EndGlobal
